
Microsoft Visual Studio Solution File, Format Version 12.00
# Visual Studio 15
VisualStudioVersion = 15.0.28307.2092
MinimumVisualStudioVersion = 10.0.40219.1
Project("{8BC9CEB8-8B4A-11D0-8D11-00A0C91BC942}") = "Tim", "Tim\Tim.vcxproj", "{F358EC86-D043-4EF5-8604-BD65F866D54D}"
EndProject
Global
	GlobalSection(SolutionConfigurationPlatforms) = preSolution
		Debug|VisualGDB = Debug|VisualGDB
		Release|VisualGDB = Release|VisualGDB
	EndGlobalSection
	GlobalSection(ProjectConfigurationPlatforms) = postSolution
		{F358EC86-D043-4EF5-8604-BD65F866D54D}.Debug|VisualGDB.ActiveCfg = Debug|VisualGDB
		{F358EC86-D043-4EF5-8604-BD65F866D54D}.Debug|VisualGDB.Build.0 = Debug|VisualGDB
		{F358EC86-D043-4EF5-8604-BD65F866D54D}.Release|VisualGDB.ActiveCfg = Release|VisualGDB
		{F358EC86-D043-4EF5-8604-BD65F866D54D}.Release|VisualGDB.Build.0 = Release|VisualGDB
	EndGlobalSection
	GlobalSection(SolutionProperties) = preSolution
		HideSolutionNode = FALSE
	EndGlobalSection
	GlobalSection(ExtensibilityGlobals) = postSolution
		SolutionGuid = {4088E460-05C9-4B7A-B48E-DD5C082794C9}
	EndGlobalSection
EndGlobal
